# THIS IS AN AUTOGENERATED FILE. DO NOT EDIT THIS FILE DIRECTLY.
# yarn lockfile v1


"@babel/parser@^7.15.0":
  version "7.16.4"
  resolved "https://registry.npmmirror.com/@babel/parser/download/@babel/parser-7.16.4.tgz#d5f92f57cf2c74ffe9b37981c0e72fee7311372e"
  integrity sha512-6V0qdPUaiVHH3RtZeLIsc+6pDhbYzHR8ogA8w+f+Wc77DuXto19g2QUwveINoS34Uw+W8/hQDGJCx+i4n7xcng==

"@element-plus/icons@^0.0.11":
  version "0.0.11"
  resolved "https://registry.yarnpkg.com/@element-plus/icons/-/icons-0.0.11.tgz#9b187c002774548b911850d17fa5fc2f9a515f57"
  integrity sha512-iKQXSxXu131Ai+I9Ymtcof9WId7kaXvB1+WRfAfpQCW7UiAMYgdNDqb/u0hgTo2Yq3MwC4MWJnNuTBEpG8r7+A==

"@popperjs/core@^2.10.2":
  version "2.11.0"
  resolved "https://registry.npmmirror.com/@popperjs/core/download/@popperjs/core-2.11.0.tgz#6734f8ebc106a0860dff7f92bf90df193f0935d7"
  integrity sha512-zrsUxjLOKAzdewIDRWy9nsV1GQsKBCWaGwsZQlCgr6/q+vjyZhFgqedLfFBuI9anTPEUT4APq9Mu0SZBTzIcGQ==

"@videojs/http-streaming@2.12.0":
  version "2.12.0"
  resolved "https://registry.npmmirror.com/@videojs/http-streaming/download/@videojs/http-streaming-2.12.0.tgz#850069e063e26cf2fa5ed9bb3addfc92fa899f78"
  integrity sha512-vdQA0lDYBXGJqV2T02AGqg1w4dcgyRoN+bYG+G8uF4DpCEMhEtUI0BA4tRu4/Njar8w/9D5k0a1KX40pcvM3fA==
  dependencies:
    "@babel/runtime" "^7.12.5"
    "@videojs/vhs-utils" "3.0.4"
    aes-decrypter "3.1.2"
    global "^4.4.0"
    m3u8-parser "4.7.0"
    mpd-parser "0.19.2"
    mux.js "5.14.1"
    video.js "^6 || ^7"

"@videojs/vhs-utils@3.0.4", "@videojs/vhs-utils@^3.0.0", "@videojs/vhs-utils@^3.0.2", "@videojs/vhs-utils@^3.0.3":
  version "3.0.4"
  resolved "https://registry.npmmirror.com/@videojs/vhs-utils/download/@videojs/vhs-utils-3.0.4.tgz#e253eecd8e9318f767e752010d213587f94bb03a"
  integrity sha1-4lPuzY6TGPdn51IBDSE1h/lLsDo=
  dependencies:
    "@babel/runtime" "^7.12.5"
    global "^4.4.0"
    url-toolkit "^2.2.1"

"@videojs/xhr@2.6.0":
  version "2.6.0"
  resolved "https://registry.nlark.com/@videojs/xhr/download/@videojs/xhr-2.6.0.tgz#cd897e0ad54faf497961bcce3fa16dc15a26bb80"
  integrity sha1-zYl+CtVPr0l5YbzOP6FtwVomu4A=
  dependencies:
    "@babel/runtime" "^7.5.5"
    global "~4.4.0"
    is-function "^1.0.1"

"@vitejs/plugin-vue@^1.9.3":
  version "1.10.1"
  resolved "https://registry.npmmirror.com/@vitejs/plugin-vue/download/@vitejs/plugin-vue-1.10.1.tgz#d140e93d574c5eac247a79f5b15df665dcb7635b"
  integrity sha512-oL76QETMSpVE9jIScirGB2bYJEVU/+r+g+K7oG+sXPs9TZljqveoVRsmLyXlMZTjpQkLL8gz527cW80NMGVKJg==

"@vue/compiler-core@3.2.23":
  version "3.2.23"
  resolved "https://registry.npmmirror.com/@vue/compiler-core/download/@vue/compiler-core-3.2.23.tgz#ef1769fbf313306b47c858735a9300aa2a20f104"
  integrity sha512-4ZhiI/orx+7EJ1B+0zjgvXMV2uRN+XBfG06UN2sJfND9rH5gtEQT3QmO4erum1o6Irl7y754W8/KSaDJh4EUQg==
  dependencies:
    "@babel/parser" "^7.15.0"
    "@vue/shared" "3.2.23"
    estree-walker "^2.0.2"
    source-map "^0.6.1"

"@vue/compiler-dom@3.2.23":
  version "3.2.23"
  resolved "https://registry.npmmirror.com/@vue/compiler-dom/download/@vue/compiler-dom-3.2.23.tgz#1dc5ba6c61f4d9e5e22442bfbf1ca306bb698507"
  integrity sha512-X2Nw8QFc5lgoK3kio5ktM95nqmLUH+q+N/PbV4kCHzF1avqv/EGLnAhaaF0Iu4bewNvHJAAhhwPZFeoV/22nbw==
  dependencies:
    "@vue/compiler-core" "3.2.23"
    "@vue/shared" "3.2.23"

"@vue/compiler-sfc@3.2.23":
  version "3.2.23"
  resolved "https://registry.npmmirror.com/@vue/compiler-sfc/download/@vue/compiler-sfc-3.2.23.tgz#35ef678240b29da5144bc3c6447fa51a07d78875"
  integrity sha512-Aw+pb50Q5zTjyvWod8mNKmYZDRGHJBptmNNWE+84ZxrzEztPgMz8cNYIzWGbwcFVkmJlhvioAMvKnB+LM/sjSA==
  dependencies:
    "@babel/parser" "^7.15.0"
    "@vue/compiler-core" "3.2.23"
    "@vue/compiler-dom" "3.2.23"
    "@vue/compiler-ssr" "3.2.23"
    "@vue/ref-transform" "3.2.23"
    "@vue/shared" "3.2.23"
    estree-walker "^2.0.2"
    magic-string "^0.25.7"
    postcss "^8.1.10"
    source-map "^0.6.1"

"@vue/compiler-ssr@3.2.23":
  version "3.2.23"
  resolved "https://registry.npmmirror.com/@vue/compiler-ssr/download/@vue/compiler-ssr-3.2.23.tgz#cd9c6541c388553f6448244a9f2a76dfdba027ba"
  integrity sha512-Bqzn4jFyXPK1Ehqiq7e/czS8n62gtYF1Zfeu0DrR5uv+SBllh7LIvZjZU6+c8qbocAd3/T3I3gn2cZGmnDb6zg==
  dependencies:
    "@vue/compiler-dom" "3.2.23"
    "@vue/shared" "3.2.23"

"@vue/devtools-api@^6.0.0-beta.18":
  version "6.0.0-beta.20.1"
  resolved "https://registry.npmmirror.com/@vue/devtools-api/download/@vue/devtools-api-6.0.0-beta.20.1.tgz#5b499647e929c35baf2a66a399578f9aa4601142"
  integrity sha512-R2rfiRY+kZugzWh9ZyITaovx+jpU4vgivAEAiz80kvh3yviiTU3CBuGuyWpSwGz9/C7TkSWVM/FtQRGlZ16n8Q==

"@vue/reactivity@3.2.23":
  version "3.2.23"
  resolved "https://registry.npmmirror.com/@vue/reactivity/download/@vue/reactivity-3.2.23.tgz#d2f10749d554f7e94d8d52f36e7e6a0b021a2418"
  integrity sha512-8RGVr/5Kpgb/EkCjgHXqttgA5IMc6n0lIXFY4TVbMkzdXrvaIhzBd7Te44oIDsTSYVKZLpfHd6/wEnuDqE8vFw==
  dependencies:
    "@vue/shared" "3.2.23"

"@vue/ref-transform@3.2.23":
  version "3.2.23"
  resolved "https://registry.npmmirror.com/@vue/ref-transform/download/@vue/ref-transform-3.2.23.tgz#5c8b0c0638db27094ddd689020c60cf1aa33d873"
  integrity sha512-gW0GD2PSAs/th7mC7tPB/UwpIQxclbApVtsDtscDmOJXb2+cdu60ny+SuHNgfrlUT/JqWKQHq7jFKO4woxLNaA==
  dependencies:
    "@babel/parser" "^7.15.0"
    "@vue/compiler-core" "3.2.23"
    "@vue/shared" "3.2.23"
    estree-walker "^2.0.2"
    magic-string "^0.25.7"

"@vue/runtime-core@3.2.23":
  version "3.2.23"
  resolved "https://registry.npmmirror.com/@vue/runtime-core/download/@vue/runtime-core-3.2.23.tgz#f620ce0142e87cbc99c50ac285e644ed9b57986f"
  integrity sha512-wSI5lmY2kCGLf89iiygqxVh6/5bsawz78Me9n1x4U2bHnN0yf3PWyuhN0WgIE8VfEaF7e75E333uboNEIFjgkg==
  dependencies:
    "@vue/reactivity" "3.2.23"
    "@vue/shared" "3.2.23"

"@vue/runtime-dom@3.2.23":
  version "3.2.23"
  resolved "https://registry.npmmirror.com/@vue/runtime-dom/download/@vue/runtime-dom-3.2.23.tgz#e6a3362a8a03f034ef6ff9b8281b166f0f314bfc"
  integrity sha512-z6lp0888NkLmxD9j2sGoll8Kb7J743s8s6w7GbiyUc4WZwm0KJ35B4qTFDMoIU0G7CatS6Z+yRTpPHc6srtByg==
  dependencies:
    "@vue/runtime-core" "3.2.23"
    "@vue/shared" "3.2.23"
    csstype "^2.6.8"

"@vue/server-renderer@3.2.23":
  version "3.2.23"
  resolved "https://registry.npmmirror.com/@vue/server-renderer/download/@vue/server-renderer-3.2.23.tgz#c7e22c02d8a518bd2499565b7c7c88b1842edd44"
  integrity sha512-mgQ2VAE5WjeZELJKNbwE69uiBNpN+3LyL0ZDki1bJWVwHD2fhPfx7pwyYuiucE81xz2LxVsyGxhKKUL997g8vw==
  dependencies:
    "@vue/compiler-ssr" "3.2.23"
    "@vue/shared" "3.2.23"

"@vue/shared@3.2.23":
  version "3.2.23"
  resolved "https://registry.npmmirror.com/@vue/shared/download/@vue/shared-3.2.23.tgz#e885a2ba099d40b69d5461157f3ade31e46a09a9"
  integrity sha512-U+/Jefa0QfXUF2qVy9Dqlrb6HKJSr9/wJcM66wXmWcTOoqg7hOWzF4qruDle51pyF4x3wMn6TSH54UdjKjCKMA==

"@vueuse/core@^7.0.0":
  version "7.1.2"
  resolved "https://registry.npmmirror.com/@vueuse/core/download/@vueuse/core-7.1.2.tgz#61ab2698c725ccaf168676f34cf6f41f76f8df34"
  integrity sha512-SLoOPfhZdNRNUkZfx+wrHj6WycWdSw2RmNS8E4ngQ2kmBoJjRarGy51/GkGdjqHQqmhuwuFoNO2WaU0yBn3ffg==
  dependencies:
    "@vueuse/shared" "7.1.2"
    vue-demi "*"

"@vueuse/shared@7.1.2":
  version "7.1.2"
  resolved "https://registry.npmmirror.com/@vueuse/shared/download/@vueuse/shared-7.1.2.tgz#caee72d0669ecdb2b845349e8fea9431e50c09d6"
  integrity sha512-AjYh4y9S5FMOoHDsysqcXY/1mpqNTrnWUD50yaaiyf+5kGWQVIpAkkjKZlYSC/NHKxxCRn0cLR4nWMzceUWewQ==
  dependencies:
    vue-demi "*"

"@xmldom/xmldom@^0.7.2":
  version "0.7.5"
  resolved "https://registry.nlark.com/@xmldom/xmldom/download/@xmldom/xmldom-0.7.5.tgz?cache=0&sync_timestamp=1631597139964&other_urls=https%3A%2F%2Fregistry.nlark.com%2F%40xmldom%2Fxmldom%2Fdownload%2F%40xmldom%2Fxmldom-0.7.5.tgz#09fa51e356d07d0be200642b0e4f91d8e6dd408d"
  integrity sha1-CfpR41bQfQviAGQrDk+R2ObdQI0=

aes-decrypter@1.0.3:
  version "1.0.3"
  resolved "https://registry.nlark.com/aes-decrypter/download/aes-decrypter-1.0.3.tgz#9c06b8a5435a5ad09db933f8a014afcf184cc34e"
  integrity sha1-nAa4pUNaWtCduTP4oBSvzxhMw04=
  dependencies:
    pkcs7 "^0.2.3"

aes-decrypter@3.1.2:
  version "3.1.2"
  resolved "https://registry.npm.taobao.org/aes-decrypter/download/aes-decrypter-3.1.2.tgz#3545546f8e9f6b878640339a242efe221ba7a7cb"
  integrity sha1-NUVUb46fa4eGQDOaJC7+Ihunp8s=
  dependencies:
    "@babel/runtime" "^7.12.5"
    "@videojs/vhs-utils" "^3.0.0"
    global "^4.4.0"
    pkcs7 "^1.0.4"

async-validator@^4.0.7:
  version "4.0.7"
  resolved "https://registry.npmmirror.com/async-validator/download/async-validator-4.0.7.tgz?cache=0&sync_timestamp=1634529640870&other_urls=https%3A%2F%2Fregistry.npmmirror.com%2Fasync-validator%2Fdownload%2Fasync-validator-4.0.7.tgz#034a0fd2103a6b2ebf010da75183bec299247afe"
  integrity sha1-A0oP0hA6ay6/AQ2nUYO+wpkkev4=

axios@^0.24.0:
  version "0.24.0"
  resolved "https://registry.npmmirror.com/axios/download/axios-0.24.0.tgz#804e6fa1e4b9c5288501dd9dff56a7a0940d20d6"
  integrity sha1-gE5voeS5xSiFAd2d/1anoJQNINY=
  dependencies:
    follow-redirects "^1.14.4"

babel-runtime@^6.9.2:
  version "6.26.0"
  resolved "https://registry.npm.taobao.org/babel-runtime/download/babel-runtime-6.26.0.tgz#965c7058668e82b55d7bfe04ff2337bc8b5647fe"
  integrity sha1-llxwWGaOgrVde/4E/yM3vItWR/4=
  dependencies:
    core-js "^2.4.0"
    regenerator-runtime "^0.11.0"

core-js@^2.4.0:
  version "2.6.12"
  resolved "https://registry.npmmirror.com/core-js/download/core-js-2.6.12.tgz#d9333dfa7b065e347cc5682219d6f690859cc2ec"
  integrity sha1-2TM9+nsGXjR8xWgiGdb2kIWcwuw=

csstype@^2.6.8:
  version "2.6.19"
  resolved "https://registry.npmmirror.com/csstype/download/csstype-2.6.19.tgz?cache=0&sync_timestamp=1637224588801&other_urls=https%3A%2F%2Fregistry.npmmirror.com%2Fcsstype%2Fdownload%2Fcsstype-2.6.19.tgz#feeb5aae89020bb389e1f63669a5ed490e391caa"
  integrity sha512-ZVxXaNy28/k3kJg0Fou5MiYpp88j7H9hLZp8PDC3jV0WFjfH5E9xHb56L0W59cPbKbcHXeP4qyT8PrHp8t6LcQ==

dayjs@^1.10.7:
  version "1.10.7"
  resolved "https://registry.nlark.com/dayjs/download/dayjs-1.10.7.tgz?cache=0&sync_timestamp=1631266607336&other_urls=https%3A%2F%2Fregistry.nlark.com%2Fdayjs%2Fdownload%2Fdayjs-1.10.7.tgz#2cf5f91add28116748440866a0a1d26f3a6ce468"
  integrity sha1-LPX5Gt0oEWdIRAhmoKHSbzps5Gg=

dom-walk@^0.1.0:
  version "0.1.2"
  resolved "https://registry.npm.taobao.org/dom-walk/download/dom-walk-0.1.2.tgz#0c548bef048f4d1f2a97249002236060daa3fd84"
  integrity sha1-DFSL7wSPTR8qlySQAiNgYNqj/YQ=

element-plus@^1.2.0-beta.5:
  version "1.2.0-beta.5"
  resolved "https://registry.npmmirror.com/element-plus/download/element-plus-1.2.0-beta.5.tgz#ef4498c2d051a122cf5898189f4215129bb368bb"
  integrity sha512-8KNGsNZ6RjVJ7kmxq/WLeTBMhVxSjfaGdW2QdcdXz4km1MgxbyBfdiNGVQG4XH/n+hbtLFldCPw0mVT4vkncuA==
  dependencies:
    "@element-plus/icons" "^0.0.11"
    "@popperjs/core" "^2.10.2"
    "@vueuse/core" "^7.0.0"
    async-validator "^4.0.7"
    dayjs "^1.10.7"
    lodash "^4.17.21"
    memoize-one "^6.0.0"
    normalize-wheel-es "^1.1.1"

es5-shim@^4.5.1:
  version "4.6.2"
  resolved "https://registry.npmmirror.com/es5-shim/download/es5-shim-4.6.2.tgz#827cdd0c6fb5beb26fd368d65430e8b5eaeba942"
  integrity sha1-gnzdDG+1vrJv02jWVDDoterrqUI=

esbuild-android-arm64@0.13.15:
  version "0.13.15"
  resolved "https://registry.npmmirror.com/esbuild-android-arm64/download/esbuild-android-arm64-0.13.15.tgz#3fc3ff0bab76fe35dd237476b5d2b32bb20a3d44"
  integrity sha512-m602nft/XXeO8YQPUDVoHfjyRVPdPgjyyXOxZ44MK/agewFFkPa8tUo6lAzSWh5Ui5PB4KR9UIFTSBKh/RrCmg==

esbuild-darwin-64@0.13.15:
  version "0.13.15"
  resolved "https://registry.npmmirror.com/esbuild-darwin-64/download/esbuild-darwin-64-0.13.15.tgz#8e9169c16baf444eacec60d09b24d11b255a8e72"
  integrity sha512-ihOQRGs2yyp7t5bArCwnvn2Atr6X4axqPpEdCFPVp7iUj4cVSdisgvEKdNR7yH3JDjW6aQDw40iQFoTqejqxvQ==

esbuild-darwin-arm64@0.13.15:
  version "0.13.15"
  resolved "https://registry.npmmirror.com/esbuild-darwin-arm64/download/esbuild-darwin-arm64-0.13.15.tgz#1b07f893b632114f805e188ddfca41b2b778229a"
  integrity sha512-i1FZssTVxUqNlJ6cBTj5YQj4imWy3m49RZRnHhLpefFIh0To05ow9DTrXROTE1urGTQCloFUXTX8QfGJy1P8dQ==

esbuild-freebsd-64@0.13.15:
  version "0.13.15"
  resolved "https://registry.npmmirror.com/esbuild-freebsd-64/download/esbuild-freebsd-64-0.13.15.tgz#0b8b7eca1690c8ec94c75680c38c07269c1f4a85"
  integrity sha512-G3dLBXUI6lC6Z09/x+WtXBXbOYQZ0E8TDBqvn7aMaOCzryJs8LyVXKY4CPnHFXZAbSwkCbqiPuSQ1+HhrNk7EA==

esbuild-freebsd-arm64@0.13.15:
  version "0.13.15"
  resolved "https://registry.npmmirror.com/esbuild-freebsd-arm64/download/esbuild-freebsd-arm64-0.13.15.tgz#2e1a6c696bfdcd20a99578b76350b41db1934e52"
  integrity sha512-KJx0fzEDf1uhNOZQStV4ujg30WlnwqUASaGSFPhznLM/bbheu9HhqZ6mJJZM32lkyfGJikw0jg7v3S0oAvtvQQ==

esbuild-linux-32@0.13.15:
  version "0.13.15"
  resolved "https://registry.npmmirror.com/esbuild-linux-32/download/esbuild-linux-32-0.13.15.tgz#6fd39f36fc66dd45b6b5f515728c7bbebc342a69"
  integrity sha512-ZvTBPk0YWCLMCXiFmD5EUtB30zIPvC5Itxz0mdTu/xZBbbHJftQgLWY49wEPSn2T/TxahYCRDWun5smRa0Tu+g==

esbuild-linux-64@0.13.15:
  version "0.13.15"
  resolved "https://registry.npmmirror.com/esbuild-linux-64/download/esbuild-linux-64-0.13.15.tgz#9cb8e4bcd7574e67946e4ee5f1f1e12386bb6dd3"
  integrity sha512-eCKzkNSLywNeQTRBxJRQ0jxRCl2YWdMB3+PkWFo2BBQYC5mISLIVIjThNtn6HUNqua1pnvgP5xX0nHbZbPj5oA==

esbuild-linux-arm64@0.13.15:
  version "0.13.15"
  resolved "https://registry.npmmirror.com/esbuild-linux-arm64/download/esbuild-linux-arm64-0.13.15.tgz#3891aa3704ec579a1b92d2a586122e5b6a2bfba1"
  integrity sha512-bYpuUlN6qYU9slzr/ltyLTR9YTBS7qUDymO8SV7kjeNext61OdmqFAzuVZom+OLW1HPHseBfJ/JfdSlx8oTUoA==

esbuild-linux-arm@0.13.15:
  version "0.13.15"
  resolved "https://registry.npmmirror.com/esbuild-linux-arm/download/esbuild-linux-arm-0.13.15.tgz#8a00e99e6a0c6c9a6b7f334841364d8a2b4aecfe"
  integrity sha512-wUHttDi/ol0tD8ZgUMDH8Ef7IbDX+/UsWJOXaAyTdkT7Yy9ZBqPg8bgB/Dn3CZ9SBpNieozrPRHm0BGww7W/jA==

esbuild-linux-mips64le@0.13.15:
  version "0.13.15"
  resolved "https://registry.npmmirror.com/esbuild-linux-mips64le/download/esbuild-linux-mips64le-0.13.15.tgz#36b07cc47c3d21e48db3bb1f4d9ef8f46aead4f7"
  integrity sha512-KlVjIG828uFPyJkO/8gKwy9RbXhCEUeFsCGOJBepUlpa7G8/SeZgncUEz/tOOUJTcWMTmFMtdd3GElGyAtbSWg==

esbuild-linux-ppc64le@0.13.15:
  version "0.13.15"
  resolved "https://registry.npmmirror.com/esbuild-linux-ppc64le/download/esbuild-linux-ppc64le-0.13.15.tgz#f7e6bba40b9a11eb9dcae5b01550ea04670edad2"
  integrity sha512-h6gYF+OsaqEuBjeesTBtUPw0bmiDu7eAeuc2OEH9S6mV9/jPhPdhOWzdeshb0BskRZxPhxPOjqZ+/OqLcxQwEQ==

esbuild-netbsd-64@0.13.15:
  version "0.13.15"
  resolved "https://registry.npmmirror.com/esbuild-netbsd-64/download/esbuild-netbsd-64-0.13.15.tgz#a2fedc549c2b629d580a732d840712b08d440038"
  integrity sha512-3+yE9emwoevLMyvu+iR3rsa+Xwhie7ZEHMGDQ6dkqP/ndFzRHkobHUKTe+NCApSqG5ce2z4rFu+NX/UHnxlh3w==

esbuild-openbsd-64@0.13.15:
  version "0.13.15"
  resolved "https://registry.npmmirror.com/esbuild-openbsd-64/download/esbuild-openbsd-64-0.13.15.tgz#b22c0e5806d3a1fbf0325872037f885306b05cd7"
  integrity sha512-wTfvtwYJYAFL1fSs8yHIdf5GEE4NkbtbXtjLWjM3Cw8mmQKqsg8kTiqJ9NJQe5NX/5Qlo7Xd9r1yKMMkHllp5g==

esbuild-sunos-64@0.13.15:
  version "0.13.15"
  resolved "https://registry.npmmirror.com/esbuild-sunos-64/download/esbuild-sunos-64-0.13.15.tgz#d0b6454a88375ee8d3964daeff55c85c91c7cef4"
  integrity sha512-lbivT9Bx3t1iWWrSnGyBP9ODriEvWDRiweAs69vI+miJoeKwHWOComSRukttbuzjZ8r1q0mQJ8Z7yUsDJ3hKdw==

esbuild-windows-32@0.13.15:
  version "0.13.15"
  resolved "https://registry.npmmirror.com/esbuild-windows-32/download/esbuild-windows-32-0.13.15.tgz#c96d0b9bbb52f3303322582ef8e4847c5ad375a7"
  integrity sha512-fDMEf2g3SsJ599MBr50cY5ve5lP1wyVwTe6aLJsM01KtxyKkB4UT+fc5MXQFn3RLrAIAZOG+tHC+yXObpSn7Nw==

esbuild-windows-64@0.13.15:
  version "0.13.15"
  resolved "https://registry.npmmirror.com/esbuild-windows-64/download/esbuild-windows-64-0.13.15.tgz#1f79cb9b1e1bb02fb25cd414cb90d4ea2892c294"
  integrity sha512-9aMsPRGDWCd3bGjUIKG/ZOJPKsiztlxl/Q3C1XDswO6eNX/Jtwu4M+jb6YDH9hRSUflQWX0XKAfWzgy5Wk54JQ==

esbuild-windows-arm64@0.13.15:
  version "0.13.15"
  resolved "https://registry.npmmirror.com/esbuild-windows-arm64/download/esbuild-windows-arm64-0.13.15.tgz#482173070810df22a752c686509c370c3be3b3c3"
  integrity sha512-zzvyCVVpbwQQATaf3IG8mu1IwGEiDxKkYUdA4FpoCHi1KtPa13jeScYDjlW0Qh+ebWzpKfR2ZwvqAQkSWNcKjA==

esbuild@^0.13.2:
  version "0.13.15"
  resolved "https://registry.npmmirror.com/esbuild/download/esbuild-0.13.15.tgz#db56a88166ee373f87dbb2d8798ff449e0450cdf"
  integrity sha512-raCxt02HBKv8RJxE8vkTSCXGIyKHdEdGfUmiYb8wnabnaEmHzyW7DCHb5tEN0xU8ryqg5xw54mcwnYkC4x3AIw==
  optionalDependencies:
    esbuild-android-arm64 "0.13.15"
    esbuild-darwin-64 "0.13.15"
    esbuild-darwin-arm64 "0.13.15"
    esbuild-freebsd-64 "0.13.15"
    esbuild-freebsd-arm64 "0.13.15"
    esbuild-linux-32 "0.13.15"
    esbuild-linux-64 "0.13.15"
    esbuild-linux-arm "0.13.15"
    esbuild-linux-arm64 "0.13.15"
    esbuild-linux-mips64le "0.13.15"
    esbuild-linux-ppc64le "0.13.15"
    esbuild-netbsd-64 "0.13.15"
    esbuild-openbsd-64 "0.13.15"
    esbuild-sunos-64 "0.13.15"
    esbuild-windows-32 "0.13.15"
    esbuild-windows-64 "0.13.15"
    esbuild-windows-arm64 "0.13.15"

estree-walker@^2.0.2:
  version "2.0.2"
  resolved "https://registry.nlark.com/estree-walker/download/estree-walker-2.0.2.tgz#52f010178c2a4c117a7757cfe942adb7d2da4cac"
  integrity sha1-UvAQF4wqTBF6d1fP6UKtt9LaTKw=

follow-redirects@^1.14.4:
  version "1.14.5"
  resolved "https://registry.npmmirror.com/follow-redirects/download/follow-redirects-1.14.5.tgz#f09a5848981d3c772b5392309778523f8d85c381"
  integrity sha1-8JpYSJgdPHcrU5Iwl3hSP42Fw4E=

fsevents@~2.3.2:
  version "2.3.2"
  resolved "https://registry.npmmirror.com/fsevents/download/fsevents-2.3.2.tgz#8a526f78b8fdf4623b709e0b975c52c24c02fd1a"
  integrity sha1-ilJveLj99GI7cJ4Ll1xSwkwC/Ro=

function-bind@^1.1.1:
  version "1.1.1"
  resolved "https://registry.npm.taobao.org/function-bind/download/function-bind-1.1.1.tgz#a56899d3ea3c9bab874bb9773b7c5ede92f4895d"
  integrity sha1-pWiZ0+o8m6uHS7l3O3xe3pL0iV0=

global@4.3.2, global@~4.3.0:
  version "4.3.2"
  resolved "https://registry.nlark.com/global/download/global-4.3.2.tgz#e76989268a6c74c38908b1305b10fc0e394e9d0f"
  integrity sha1-52mJJopsdMOJCLEwWxD8DjlOnQ8=
  dependencies:
    min-document "^2.19.0"
    process "~0.5.1"

global@^4.3.0, global@^4.3.1, global@^4.4.0, global@~4.4.0:
  version "4.4.0"
  resolved "https://registry.nlark.com/global/download/global-4.4.0.tgz#3e7b105179006a323ed71aafca3e9c57a5cc6406"
  integrity sha1-PnsQUXkAajI+1xqvyj6cV6XMZAY=
  dependencies:
    min-document "^2.19.0"
    process "^0.11.10"

has@^1.0.3:
  version "1.0.3"
  resolved "https://registry.nlark.com/has/download/has-1.0.3.tgz#722d7cbfc1f6aa8241f16dd814e011e1f41e8796"
  integrity sha1-ci18v8H2qoJB8W3YFOAR4fQeh5Y=
  dependencies:
    function-bind "^1.1.1"

hls.js@^1.0.10:
  version "1.1.1"
  resolved "https://registry.npmmirror.com/hls.js/download/hls.js-1.1.1.tgz#d8ff641f764741f13259a2740aa33336810a10a5"
  integrity sha512-2VEVzO/gr5LOD6K/DEmBkKEary6hr4YZ/SLb0PV81jOAM/Tl9DviL0sFMoUHDq05/j4OZxIj691Zo0p40u3Gtw==

individual@^2.0.0:
  version "2.0.0"
  resolved "https://registry.npm.taobao.org/individual/download/individual-2.0.0.tgz#833b097dad23294e76117a98fb38e0d9ad61bb97"
  integrity sha1-gzsJfa0jKU52EXqY+zjg2a1hu5c=

is-core-module@^2.2.0:
  version "2.8.0"
  resolved "https://registry.npmmirror.com/is-core-module/download/is-core-module-2.8.0.tgz?cache=0&sync_timestamp=1634236702465&other_urls=https%3A%2F%2Fregistry.npmmirror.com%2Fis-core-module%2Fdownload%2Fis-core-module-2.8.0.tgz#0321336c3d0925e497fd97f5d95cb114a5ccd548"
  integrity sha1-AyEzbD0JJeSX/Zf12VyxFKXM1Ug=
  dependencies:
    has "^1.0.3"

is-function@^1.0.1:
  version "1.0.2"
  resolved "https://registry.nlark.com/is-function/download/is-function-1.0.2.tgz#4f097f30abf6efadac9833b17ca5dc03f8144e08"
  integrity sha1-Twl/MKv2762smDOxfKXcA/gUTgg=

keycode@^2.2.0:
  version "2.2.1"
  resolved "https://registry.npmmirror.com/keycode/download/keycode-2.2.1.tgz#09c23b2be0611d26117ea2501c2c391a01f39eff"
  integrity sha512-Rdgz9Hl9Iv4QKi8b0OlCRQEzp4AgVxyCtz5S/+VIHezDmrDhkp2N2TqBWOLz0/gbeREXOOiI9/4b8BY9uw2vFg==

lodash@^4.17.21:
  version "4.17.21"
  resolved "https://registry.npm.taobao.org/lodash/download/lodash-4.17.21.tgz#679591c564c3bffaae8454cf0b3df370c3d6911c"
  integrity sha1-Z5WRxWTDv/quhFTPCz3zcMPWkRw=

m3u8-parser@2.1.0:
  version "2.1.0"
  resolved "https://registry.nlark.com/m3u8-parser/download/m3u8-parser-2.1.0.tgz#c8170329ec1cd515d0d58bb8b762da9896cb0368"
  integrity sha1-yBcDKewc1RXQ1Yu4t2LamJbLA2g=

m3u8-parser@4.7.0:
  version "4.7.0"
  resolved "https://registry.nlark.com/m3u8-parser/download/m3u8-parser-4.7.0.tgz#e01e8ce136098ade1b14ee691ea20fc4dc60abf6"
  integrity sha1-4B6M4TYJit4bFO5pHqIPxNxgq/Y=
  dependencies:
    "@babel/runtime" "^7.12.5"
    "@videojs/vhs-utils" "^3.0.0"
    global "^4.4.0"

magic-string@^0.25.7:
  version "0.25.7"
  resolved "https://registry.npm.taobao.org/magic-string/download/magic-string-0.25.7.tgz#3f497d6fd34c669c6798dcb821f2ef31f5445051"
  integrity sha1-P0l9b9NMZpxnmNy4IfLvMfVEUFE=
  dependencies:
    sourcemap-codec "^1.4.4"

memoize-one@^6.0.0:
  version "6.0.0"
  resolved "https://registry.npmmirror.com/memoize-one/download/memoize-one-6.0.0.tgz?cache=0&sync_timestamp=1634700259037&other_urls=https%3A%2F%2Fregistry.npmmirror.com%2Fmemoize-one%2Fdownload%2Fmemoize-one-6.0.0.tgz#b2591b871ed82948aee4727dc6abceeeac8c1045"
  integrity sha1-slkbhx7YKUiu5HJ9xqvO7qyMEEU=

min-document@^2.19.0:
  version "2.19.0"
  resolved "https://registry.nlark.com/min-document/download/min-document-2.19.0.tgz#7bd282e3f5842ed295bb748cdd9f1ffa2c824685"
  integrity sha1-e9KC4/WELtKVu3SM3Z8f+iyCRoU=
  dependencies:
    dom-walk "^0.1.0"

mpd-parser@0.19.2:
  version "0.19.2"
  resolved "https://registry.npmmirror.com/mpd-parser/download/mpd-parser-0.19.2.tgz#68611e653cdf2cc1e90688825c4a129b7f9007e0"
  integrity sha1-aGEeZTzfLMHpBoiCXEoSm3+QB+A=
  dependencies:
    "@babel/runtime" "^7.12.5"
    "@videojs/vhs-utils" "^3.0.2"
    "@xmldom/xmldom" "^0.7.2"
    global "^4.4.0"

mux.js@4.3.2:
  version "4.3.2"
  resolved "https://registry.npmmirror.com/mux.js/download/mux.js-4.3.2.tgz#576d537df037dc5ec35ec1316b948d815d35c210"
  integrity sha1-V21TffA33F7DXsExa5SNgV01whA=

mux.js@5.14.1:
  version "5.14.1"
  resolved "https://registry.npmmirror.com/mux.js/download/mux.js-5.14.1.tgz#209583f454255d9ba2ff1bb61ad5a6867cf61878"
  integrity sha1-IJWD9FQlXZui/xu2GtWmhnz2GHg=
  dependencies:
    "@babel/runtime" "^7.11.2"

nanoid@^3.1.30:
  version "3.1.30"
  resolved "https://registry.npmmirror.com/nanoid/download/nanoid-3.1.30.tgz?cache=0&sync_timestamp=1634167132459&other_urls=https%3A%2F%2Fregistry.npmmirror.com%2Fnanoid%2Fdownload%2Fnanoid-3.1.30.tgz#63f93cc548d2a113dc5dfbc63bfa09e2b9b64362"
  integrity sha1-Y/k8xUjSoRPcXfvGO/oJ4rm2Q2I=

normalize-wheel-es@^1.1.1:
  version "1.1.1"
  resolved "https://registry.npmmirror.com/normalize-wheel-es/download/normalize-wheel-es-1.1.1.tgz#a8096db6a56f94332d884fd8ebeda88f2fc79569"
  integrity sha1-qAlttqVvlDMtiE/Y6+2ojy/HlWk=

parse-headers@^2.0.0:
  version "2.0.4"
  resolved "https://registry.nlark.com/parse-headers/download/parse-headers-2.0.4.tgz#9eaf2d02bed2d1eff494331ce3df36d7924760bf"
  integrity sha1-nq8tAr7S0e/0lDMc498215JHYL8=

path-parse@^1.0.6:
  version "1.0.7"
  resolved "https://registry.nlark.com/path-parse/download/path-parse-1.0.7.tgz?cache=0&sync_timestamp=1621947892143&other_urls=https%3A%2F%2Fregistry.nlark.com%2Fpath-parse%2Fdownload%2Fpath-parse-1.0.7.tgz#fbc114b60ca42b30d9daf5858e4bd68bbedb6735"
  integrity sha1-+8EUtgykKzDZ2vWFjkvWi77bZzU=

picocolors@^1.0.0:
  version "1.0.0"
  resolved "https://registry.npmmirror.com/picocolors/download/picocolors-1.0.0.tgz?cache=0&sync_timestamp=1634093437726&other_urls=https%3A%2F%2Fregistry.npmmirror.com%2Fpicocolors%2Fdownload%2Fpicocolors-1.0.0.tgz#cb5bdc74ff3f51892236eaf79d68bc44564ab81c"
  integrity sha1-y1vcdP8/UYkiNur3nWi8RFZKuBw=

pkcs7@^0.2.3:
  version "0.2.3"
  resolved "https://registry.nlark.com/pkcs7/download/pkcs7-0.2.3.tgz#22d60666d01065c5f24439098e4a4830452273be"
  integrity sha1-ItYGZtAQZcXyRDkJjkpIMEUic74=

pkcs7@^1.0.4:
  version "1.0.4"
  resolved "https://registry.npm.taobao.org/pkcs7/download/pkcs7-1.0.4.tgz#6090b9e71160dabf69209d719cbafa538b00a1cb"
  integrity sha1-YJC55xFg2r9pIJ1xnLr6U4sAocs=
  dependencies:
    "@babel/runtime" "^7.5.5"

postcss@^8.1.10, postcss@^8.3.8:
  version "8.4.4"
  resolved "https://registry.npmmirror.com/postcss/download/postcss-8.4.4.tgz#d53d4ec6a75fd62557a66bb41978bf47ff0c2869"
  integrity sha512-joU6fBsN6EIer28Lj6GDFoC/5yOZzLCfn0zHAn/MYXI7aPt4m4hK5KC5ovEZXy+lnCjmYIbQWngvju2ddyEr8Q==
  dependencies:
    nanoid "^3.1.30"
    picocolors "^1.0.0"
    source-map-js "^1.0.1"

process@^0.11.10:
  version "0.11.10"
  resolved "https://registry.nlark.com/process/download/process-0.11.10.tgz#7332300e840161bda3e69a1d1d91a7d4bc16f182"
  integrity sha1-czIwDoQBYb2j5podHZGn1LwW8YI=

process@~0.5.1:
  version "0.5.2"
  resolved "https://registry.nlark.com/process/download/process-0.5.2.tgz#1638d8a8e34c2f440a91db95ab9aeb677fc185cf"
  integrity sha1-FjjYqONML0QKkduVq5rrZ3/Bhc8=

regenerator-runtime@^0.11.0:
  version "0.11.1"
  resolved "https://registry.nlark.com/regenerator-runtime/download/regenerator-runtime-0.11.1.tgz#be05ad7f9bf7d22e056f9726cee5017fbf19e2e9"
  integrity sha1-vgWtf5v30i4Fb5cmzuUBf78Z4uk=

regenerator-runtime@^0.13.4:
  version "0.13.9"
  resolved "https://registry.nlark.com/regenerator-runtime/download/regenerator-runtime-0.13.9.tgz?cache=0&sync_timestamp=1626992969133&other_urls=https%3A%2F%2Fregistry.nlark.com%2Fregenerator-runtime%2Fdownload%2Fregenerator-runtime-0.13.9.tgz#8925742a98ffd90814988d7566ad30ca3b263b52"
  integrity sha1-iSV0Kpj/2QgUmI11Zq0wyjsmO1I=

resolve@^1.20.0:
  version "1.20.0"
  resolved "https://registry.npm.taobao.org/resolve/download/resolve-1.20.0.tgz#629a013fb3f70755d6f0b7935cc1c2c5378b1975"
  integrity sha1-YpoBP7P3B1XW8LeTXMHCxTeLGXU=
  dependencies:
    is-core-module "^2.2.0"
    path-parse "^1.0.6"

rollup@^2.57.0:
  version "2.60.2"
  resolved "https://registry.npmmirror.com/rollup/download/rollup-2.60.2.tgz#3f45ace36a9b10b4297181831ea0719922513463"
  integrity sha512-1Bgjpq61sPjgoZzuiDSGvbI1tD91giZABgjCQBKM5aYLnzjq52GoDuWVwT/cm/MCxCMPU8gqQvkj8doQ5C8Oqw==
  optionalDependencies:
    fsevents "~2.3.2"

rust-result@^1.0.0:
  version "1.0.0"
  resolved "https://registry.nlark.com/rust-result/download/rust-result-1.0.0.tgz#34c75b2e6dc39fe5875e5bdec85b5e0f91536f72"
  integrity sha1-NMdbLm3Dn+WHXlveyFteD5FTb3I=
  dependencies:
    individual "^2.0.0"

safe-json-parse@4.0.0:
  version "4.0.0"
  resolved "https://registry.nlark.com/safe-json-parse/download/safe-json-parse-4.0.0.tgz#7c0f578cfccd12d33a71c0e05413e2eca171eaac"
  integrity sha1-fA9XjPzNEtM6ccDgVBPi7KFx6qw=
  dependencies:
    rust-result "^1.0.0"

source-map-js@^1.0.1:
  version "1.0.1"
  resolved "https://registry.npmmirror.com/source-map-js/download/source-map-js-1.0.1.tgz#a1741c131e3c77d048252adfa24e23b908670caf"
  integrity sha512-4+TN2b3tqOCd/kaGRJ/sTYA0tR0mdXx26ipdolxcwtJVqEnqNYvlCAt1q3ypy4QMlYus+Zh34RNtYLoq2oQ4IA==

source-map@^0.6.1:
  version "0.6.1"
  resolved "https://registry.npm.taobao.org/source-map/download/source-map-0.6.1.tgz?cache=0&sync_timestamp=1598275560784&other_urls=https%3A%2F%2Fregistry.npm.taobao.org%2Fsource-map%2Fdownload%2Fsource-map-0.6.1.tgz#74722af32e9614e9c287a8d0bbde48b5e2f1a263"
  integrity sha1-dHIq8y6WFOnCh6jQu95IteLxomM=

sourcemap-codec@^1.4.4:
  version "1.4.8"
  resolved "https://registry.nlark.com/sourcemap-codec/download/sourcemap-codec-1.4.8.tgz#ea804bd94857402e6992d05a38ef1ae35a9ab4c4"
  integrity sha1-6oBL2UhXQC5pktBaOO8a41qatMQ=

throttle-debounce@^3.0.1:
  version "3.0.1"
  resolved "https://registry.nlark.com/throttle-debounce/download/throttle-debounce-3.0.1.tgz#32f94d84dfa894f786c9a1f290e7a645b6a19abb"
  integrity sha1-MvlNhN+olPeGyaHykOemRbahmrs=

tsml@1.0.1:
  version "1.0.1"
  resolved "https://registry.npmmirror.com/tsml/download/tsml-1.0.1.tgz#89f8218b9d9e257f47d7f6b56d01c5a4d2c68fc3"
  integrity sha1-ifghi52eJX9H1/a1bQHFpNLGj8M=

url-toolkit@^2.1.3, url-toolkit@^2.2.1:
  version "2.2.3"
  resolved "https://registry.nlark.com/url-toolkit/download/url-toolkit-2.2.3.tgz?cache=0&sync_timestamp=1625913594450&other_urls=https%3A%2F%2Fregistry.nlark.com%2Furl-toolkit%2Fdownload%2Furl-toolkit-2.2.3.tgz#78fa901215abbac34182066932220279b804522b"
  integrity sha1-ePqQEhWrusNBggZpMiICebgEUis=

"video.js@^5.17.0 || ^6.2.0", "video.js@^5.19.1 || ^6.2.0":
  version "6.13.0"
  resolved "https://registry.npmmirror.com/video.js/download/video.js-6.13.0.tgz#f9487d46327340fa48ecd51372a2981dbb6cde4c"
  integrity sha1-+Uh9RjJzQPpI7NUTcqKYHbts3kw=
  dependencies:
    babel-runtime "^6.9.2"
    global "4.3.2"
    safe-json-parse "4.0.0"
    tsml "1.0.1"
    videojs-font "2.1.0"
    videojs-ie8 "1.1.2"
    videojs-vtt.js "0.12.6"
    xhr "2.4.0"

"video.js@^6 || ^7", video.js@^7.17.0:
  version "7.17.0"
  resolved "https://registry.npmmirror.com/video.js/download/video.js-7.17.0.tgz#35918cc03748a5680f5d5f1da410e06eeea7786e"
  integrity sha512-8RbLu9+Pdpep9OTPncUHIvZXFgn/7hKdPnSTE/lGSnlFSucXtTUBp41R7NDwncscMLQ0WgazUbmFlvr4MNWMbA==
  dependencies:
    "@babel/runtime" "^7.12.5"
    "@videojs/http-streaming" "2.12.0"
    "@videojs/vhs-utils" "^3.0.3"
    "@videojs/xhr" "2.6.0"
    aes-decrypter "3.1.2"
    global "^4.4.0"
    keycode "^2.2.0"
    m3u8-parser "4.7.0"
    mpd-parser "0.19.2"
    mux.js "5.14.1"
    safe-json-parse "4.0.0"
    videojs-font "3.2.0"
    videojs-vtt.js "^0.15.3"

videojs-contrib-hls@^5.15.0:
  version "5.15.0"
  resolved "https://registry.npm.taobao.org/videojs-contrib-hls/download/videojs-contrib-hls-5.15.0.tgz#fe4957367e5d68b7d23f78ed32e37a9dd892a0a8"
  integrity sha1-/klXNn5daLfSP3jtMuN6ndiSoKg=
  dependencies:
    aes-decrypter "1.0.3"
    global "^4.3.0"
    m3u8-parser "2.1.0"
    mux.js "4.3.2"
    url-toolkit "^2.1.3"
    video.js "^5.19.1 || ^6.2.0"
    videojs-contrib-media-sources "4.7.2"
    webwackify "0.1.6"

videojs-contrib-media-sources@4.7.2:
  version "4.7.2"
  resolved "https://registry.nlark.com/videojs-contrib-media-sources/download/videojs-contrib-media-sources-4.7.2.tgz#0adf929107d5b74cf2c8abb2824c82177e43858e"
  integrity sha1-Ct+SkQfVt0zyyKuygkyCF35DhY4=
  dependencies:
    global "^4.3.0"
    mux.js "4.3.2"
    video.js "^5.17.0 || ^6.2.0"
    webwackify "0.1.6"

videojs-font@2.1.0:
  version "2.1.0"
  resolved "https://registry.nlark.com/videojs-font/download/videojs-font-2.1.0.tgz#a25930a67f6c9cfbf2bb88dacb8c6b451f093379"
  integrity sha1-olkwpn9snPvyu4jay4xrRR8JM3k=

videojs-font@3.2.0:
  version "3.2.0"
  resolved "https://registry.npm.taobao.org/videojs-font/download/videojs-font-3.2.0.tgz#212c9d3f4e4ec3fa7345167d64316add35e92232"
  integrity sha1-ISydP05Ow/pzRRZ9ZDFq3TXpIjI=

videojs-ie8@1.1.2:
  version "1.1.2"
  resolved "https://registry.npm.taobao.org/videojs-ie8/download/videojs-ie8-1.1.2.tgz#a23d3d8608ad7192b69c6077fc4eb848998d35d9"
  integrity sha1-oj09hgitcZK2nGB3/E64SJmNNdk=
  dependencies:
    es5-shim "^4.5.1"

videojs-vtt.js@0.12.6:
  version "0.12.6"
  resolved "https://registry.nlark.com/videojs-vtt.js/download/videojs-vtt.js-0.12.6.tgz#e078600bda899eaa6f9c3307134cd0c811947b8e"
  integrity sha1-4HhgC9qJnqpvnDMHE0zQyBGUe44=
  dependencies:
    global "^4.3.1"

videojs-vtt.js@^0.15.3:
  version "0.15.3"
  resolved "https://registry.npm.taobao.org/videojs-vtt.js/download/videojs-vtt.js-0.15.3.tgz#84260393b79487fcf195d9372f812d7fab83a993"
  integrity sha1-hCYDk7eUh/zxldk3L4Etf6uDqZM=
  dependencies:
    global "^4.3.1"

vite@^2.6.4:
  version "2.6.14"
  resolved "https://registry.npmmirror.com/vite/download/vite-2.6.14.tgz#35c09a15e4df823410819a2a239ab11efb186271"
  integrity sha512-2HA9xGyi+EhY2MXo0+A2dRsqsAG3eFNEVIo12olkWhOmc8LfiM+eMdrXf+Ruje9gdXgvSqjLI9freec1RUM5EA==
  dependencies:
    esbuild "^0.13.2"
    postcss "^8.3.8"
    resolve "^1.20.0"
    rollup "^2.57.0"
  optionalDependencies:
    fsevents "~2.3.2"

vue-demi@*:
  version "0.12.1"
  resolved "https://registry.npmmirror.com/vue-demi/download/vue-demi-0.12.1.tgz?cache=0&sync_timestamp=1637503973296&other_urls=https%3A%2F%2Fregistry.npmmirror.com%2Fvue-demi%2Fdownload%2Fvue-demi-0.12.1.tgz#f7e18efbecffd11ab069d1472d7a06e319b4174c"
  integrity sha1-9+GO++z/0RqwadFHLXoG4xm0F0w=

vue-router@4:
  version "4.0.12"
  resolved "https://registry.npmmirror.com/vue-router/download/vue-router-4.0.12.tgz#8dc792cddf5bb1abcc3908f9064136de7e13c460"
  integrity sha1-jceSzd9bsavMOQj5BkE23n4TxGA=
  dependencies:
    "@vue/devtools-api" "^6.0.0-beta.18"

vue3-video-play@^1.3.1-beta.6:
  version "1.3.1-beta.6"
  resolved "https://registry.npmmirror.com/vue3-video-play/download/vue3-video-play-1.3.1-beta.6.tgz#bca3f55a11053eaa37053835e4610c04d9cc509e"
  integrity sha512-Olrx2/LNAds7fuor/yX9ZKT9sOcwcfTt2g2YbbCrEaAmZ5Tb0hwBr5z+/CoLwELzzRzXCHPmWWoT0Wm5W/Nwpw==
  dependencies:
    hls.js "^1.0.10"
    throttle-debounce "^3.0.1"
    vue "^3.2.2"

vue@^3.2.16, vue@^3.2.2:
  version "3.2.23"
  resolved "https://registry.npmmirror.com/vue/download/vue-3.2.23.tgz#fe17e4a98bee1afe2aed351a0a80e052728f9ce2"
  integrity sha512-MGp9JZC37lzGhwSu6c1tQxrQbXbw7XKFqtYh7SFwNrNK899FPxGAHwSHMZijMChTSC3uZrD2BGO/3EHOgMJ0cw==
  dependencies:
    "@vue/compiler-dom" "3.2.23"
    "@vue/compiler-sfc" "3.2.23"
    "@vue/runtime-dom" "3.2.23"
    "@vue/server-renderer" "3.2.23"
    "@vue/shared" "3.2.23"

webwackify@0.1.6:
  version "0.1.6"
  resolved "https://registry.npmmirror.com/webwackify/download/webwackify-0.1.6.tgz#1d42a12ac61823d7e345abde084eaaa62a4a95eb"
  integrity sha1-HUKhKsYYI9fjRaveCE6qpipKles=

xhr@2.4.0:
  version "2.4.0"
  resolved "https://registry.npmmirror.com/xhr/download/xhr-2.4.0.tgz#e16e66a45f869861eeefab416d5eff722dc40993"
  integrity sha1-4W5mpF+GmGHu76tBbV7/ci3ECZM=
  dependencies:
    global "~4.3.0"
    is-function "^1.0.1"
    parse-headers "^2.0.0"
    xtend "^4.0.0"

xtend@^4.0.0:
  version "4.0.2"
  resolved "https://registry.nlark.com/xtend/download/xtend-4.0.2.tgz#bb72779f5fa465186b1f438f674fa347fdb5db54"
  integrity sha1-u3J3n1+kZRhrH0OPZ0+jR/2121Q=
